
Microsoft Visual Studio Solution File, Format Version 12.00
# Visual Studio Version 16
VisualStudioVersion = 16.0.28803.352
MinimumVisualStudioVersion = 10.0.40219.1
Project("{FAE04EC0-301F-11D3-BF4B-00C04F79EFBC}") = "BiliBili.UWP", "BiliBili.UWP\BiliBili.UWP.csproj", "{B6506127-B7E6-4C7E-9FFA-73B90F5E8623}"
	ProjectSection(ProjectDependencies) = postProject
		{869BF837-D460-4E10-BB06-EE69F9AA9EF3} = {869BF837-D460-4E10-BB06-EE69F9AA9EF3}
		{E9FFED62-8990-4E0E-8A22-0E40FC06CE42} = {E9FFED62-8990-4E0E-8A22-0E40FC06CE42}
		{310915D2-C44D-43CF-BED5-C4F626AA9CBE} = {310915D2-C44D-43CF-BED5-C4F626AA9CBE}
	EndProjectSection
EndProject
Project("{FAE04EC0-301F-11D3-BF4B-00C04F79EFBC}") = "BiliBili.Background", "BiliBili.Background\BiliBili.Background.csproj", "{E3691422-CBFD-4DF9-827B-77D195731EEC}"
EndProject
Project("{FAE04EC0-301F-11D3-BF4B-00C04F79EFBC}") = "BiliBili.JSBridge", "BiliBili.JSBridge\BiliBili.JSBridge.csproj", "{0839991C-F5EB-4181-98E0-AE81A5F5BE1A}"
EndProject
Project("{FAE04EC0-301F-11D3-BF4B-00C04F79EFBC}") = "stLib", "stLib.Net\stLib\stLib.csproj", "{869BF837-D460-4E10-BB06-EE69F9AA9EF3}"
EndProject
Project("{FAE04EC0-301F-11D3-BF4B-00C04F79EFBC}") = "YPM.Net", "YPM.Net\YPM.Net\YPM.Net.csproj", "{310915D2-C44D-43CF-BED5-C4F626AA9CBE}"
EndProject
Project("{2150E333-8FDC-42A3-9474-1A3956D46DE8}") = "Vt.Client.Core", "Vt.Client.Core", "{758E1725-2DF0-4C73-A39B-F3EE2D77E95F}"
EndProject
Project("{FAE04EC0-301F-11D3-BF4B-00C04F79EFBC}") = "Vt.Client.Corel", "Vt.Client.Corel\Vt.Client.Corel.csproj", "{5AE6DDE8-CC63-4353-B6FD-26CAA6C5AF5F}"
EndProject
Project("{FAE04EC0-301F-11D3-BF4B-00C04F79EFBC}") = "Vt.Client", "Vt.Client\Vt.Client.csproj", "{E9FFED62-8990-4E0E-8A22-0E40FC06CE42}"
EndProject
Global
	GlobalSection(SolutionConfigurationPlatforms) = preSolution
		Debug|Any CPU = Debug|Any CPU
		Debug|ARM = Debug|ARM
		Debug|x64 = Debug|x64
		Debug|x86 = Debug|x86
		Release|Any CPU = Release|Any CPU
		Release|ARM = Release|ARM
		Release|x64 = Release|x64
		Release|x86 = Release|x86
	EndGlobalSection
	GlobalSection(ProjectConfigurationPlatforms) = postSolution
		{B6506127-B7E6-4C7E-9FFA-73B90F5E8623}.Debug|Any CPU.ActiveCfg = Debug|x86
		{B6506127-B7E6-4C7E-9FFA-73B90F5E8623}.Debug|Any CPU.Build.0 = Debug|x86
		{B6506127-B7E6-4C7E-9FFA-73B90F5E8623}.Debug|Any CPU.Deploy.0 = Debug|x86
		{B6506127-B7E6-4C7E-9FFA-73B90F5E8623}.Debug|ARM.ActiveCfg = Debug|ARM
		{B6506127-B7E6-4C7E-9FFA-73B90F5E8623}.Debug|ARM.Build.0 = Debug|ARM
		{B6506127-B7E6-4C7E-9FFA-73B90F5E8623}.Debug|ARM.Deploy.0 = Debug|ARM
		{B6506127-B7E6-4C7E-9FFA-73B90F5E8623}.Debug|x64.ActiveCfg = Debug|x64
		{B6506127-B7E6-4C7E-9FFA-73B90F5E8623}.Debug|x64.Build.0 = Debug|x64
		{B6506127-B7E6-4C7E-9FFA-73B90F5E8623}.Debug|x64.Deploy.0 = Debug|x64
		{B6506127-B7E6-4C7E-9FFA-73B90F5E8623}.Debug|x86.ActiveCfg = Debug|x86
		{B6506127-B7E6-4C7E-9FFA-73B90F5E8623}.Debug|x86.Build.0 = Debug|x86
		{B6506127-B7E6-4C7E-9FFA-73B90F5E8623}.Debug|x86.Deploy.0 = Debug|x86
		{B6506127-B7E6-4C7E-9FFA-73B90F5E8623}.Release|Any CPU.ActiveCfg = Release|x86
		{B6506127-B7E6-4C7E-9FFA-73B90F5E8623}.Release|ARM.ActiveCfg = Release|ARM
		{B6506127-B7E6-4C7E-9FFA-73B90F5E8623}.Release|ARM.Build.0 = Release|ARM
		{B6506127-B7E6-4C7E-9FFA-73B90F5E8623}.Release|ARM.Deploy.0 = Release|ARM
		{B6506127-B7E6-4C7E-9FFA-73B90F5E8623}.Release|x64.ActiveCfg = Release|x64
		{B6506127-B7E6-4C7E-9FFA-73B90F5E8623}.Release|x64.Build.0 = Release|x64
		{B6506127-B7E6-4C7E-9FFA-73B90F5E8623}.Release|x64.Deploy.0 = Release|x64
		{B6506127-B7E6-4C7E-9FFA-73B90F5E8623}.Release|x86.ActiveCfg = Release|x86
		{B6506127-B7E6-4C7E-9FFA-73B90F5E8623}.Release|x86.Build.0 = Release|x86
		{B6506127-B7E6-4C7E-9FFA-73B90F5E8623}.Release|x86.Deploy.0 = Release|x86
		{E3691422-CBFD-4DF9-827B-77D195731EEC}.Debug|Any CPU.ActiveCfg = Debug|Any CPU
		{E3691422-CBFD-4DF9-827B-77D195731EEC}.Debug|Any CPU.Build.0 = Debug|Any CPU
		{E3691422-CBFD-4DF9-827B-77D195731EEC}.Debug|ARM.ActiveCfg = Debug|ARM
		{E3691422-CBFD-4DF9-827B-77D195731EEC}.Debug|ARM.Build.0 = Debug|ARM
		{E3691422-CBFD-4DF9-827B-77D195731EEC}.Debug|x64.ActiveCfg = Debug|x64
		{E3691422-CBFD-4DF9-827B-77D195731EEC}.Debug|x64.Build.0 = Debug|x64
		{E3691422-CBFD-4DF9-827B-77D195731EEC}.Debug|x86.ActiveCfg = Debug|x86
		{E3691422-CBFD-4DF9-827B-77D195731EEC}.Debug|x86.Build.0 = Debug|x86
		{E3691422-CBFD-4DF9-827B-77D195731EEC}.Release|Any CPU.ActiveCfg = Release|Any CPU
		{E3691422-CBFD-4DF9-827B-77D195731EEC}.Release|Any CPU.Build.0 = Release|Any CPU
		{E3691422-CBFD-4DF9-827B-77D195731EEC}.Release|ARM.ActiveCfg = Release|ARM
		{E3691422-CBFD-4DF9-827B-77D195731EEC}.Release|ARM.Build.0 = Release|ARM
		{E3691422-CBFD-4DF9-827B-77D195731EEC}.Release|x64.ActiveCfg = Release|x64
		{E3691422-CBFD-4DF9-827B-77D195731EEC}.Release|x64.Build.0 = Release|x64
		{E3691422-CBFD-4DF9-827B-77D195731EEC}.Release|x86.ActiveCfg = Release|x86
		{E3691422-CBFD-4DF9-827B-77D195731EEC}.Release|x86.Build.0 = Release|x86
		{0839991C-F5EB-4181-98E0-AE81A5F5BE1A}.Debug|Any CPU.ActiveCfg = Debug|Any CPU
		{0839991C-F5EB-4181-98E0-AE81A5F5BE1A}.Debug|Any CPU.Build.0 = Debug|Any CPU
		{0839991C-F5EB-4181-98E0-AE81A5F5BE1A}.Debug|ARM.ActiveCfg = Debug|ARM
		{0839991C-F5EB-4181-98E0-AE81A5F5BE1A}.Debug|ARM.Build.0 = Debug|ARM
		{0839991C-F5EB-4181-98E0-AE81A5F5BE1A}.Debug|x64.ActiveCfg = Debug|x64
		{0839991C-F5EB-4181-98E0-AE81A5F5BE1A}.Debug|x64.Build.0 = Debug|x64
		{0839991C-F5EB-4181-98E0-AE81A5F5BE1A}.Debug|x86.ActiveCfg = Debug|x86
		{0839991C-F5EB-4181-98E0-AE81A5F5BE1A}.Debug|x86.Build.0 = Debug|x86
		{0839991C-F5EB-4181-98E0-AE81A5F5BE1A}.Release|Any CPU.ActiveCfg = Release|Any CPU
		{0839991C-F5EB-4181-98E0-AE81A5F5BE1A}.Release|Any CPU.Build.0 = Release|Any CPU
		{0839991C-F5EB-4181-98E0-AE81A5F5BE1A}.Release|ARM.ActiveCfg = Release|ARM
		{0839991C-F5EB-4181-98E0-AE81A5F5BE1A}.Release|ARM.Build.0 = Release|ARM
		{0839991C-F5EB-4181-98E0-AE81A5F5BE1A}.Release|x64.ActiveCfg = Release|x64
		{0839991C-F5EB-4181-98E0-AE81A5F5BE1A}.Release|x64.Build.0 = Release|x64
		{0839991C-F5EB-4181-98E0-AE81A5F5BE1A}.Release|x86.ActiveCfg = Release|x86
		{0839991C-F5EB-4181-98E0-AE81A5F5BE1A}.Release|x86.Build.0 = Release|x86
		{869BF837-D460-4E10-BB06-EE69F9AA9EF3}.Debug|Any CPU.ActiveCfg = Debug|Any CPU
		{869BF837-D460-4E10-BB06-EE69F9AA9EF3}.Debug|Any CPU.Build.0 = Debug|Any CPU
		{869BF837-D460-4E10-BB06-EE69F9AA9EF3}.Debug|ARM.ActiveCfg = Debug|Any CPU
		{869BF837-D460-4E10-BB06-EE69F9AA9EF3}.Debug|ARM.Build.0 = Debug|Any CPU
		{869BF837-D460-4E10-BB06-EE69F9AA9EF3}.Debug|x64.ActiveCfg = Debug|Any CPU
		{869BF837-D460-4E10-BB06-EE69F9AA9EF3}.Debug|x64.Build.0 = Debug|Any CPU
		{869BF837-D460-4E10-BB06-EE69F9AA9EF3}.Debug|x86.ActiveCfg = Debug|Any CPU
		{869BF837-D460-4E10-BB06-EE69F9AA9EF3}.Debug|x86.Build.0 = Debug|Any CPU
		{869BF837-D460-4E10-BB06-EE69F9AA9EF3}.Release|Any CPU.ActiveCfg = Release|Any CPU
		{869BF837-D460-4E10-BB06-EE69F9AA9EF3}.Release|Any CPU.Build.0 = Release|Any CPU
		{869BF837-D460-4E10-BB06-EE69F9AA9EF3}.Release|ARM.ActiveCfg = Release|Any CPU
		{869BF837-D460-4E10-BB06-EE69F9AA9EF3}.Release|ARM.Build.0 = Release|Any CPU
		{869BF837-D460-4E10-BB06-EE69F9AA9EF3}.Release|x64.ActiveCfg = Release|Any CPU
		{869BF837-D460-4E10-BB06-EE69F9AA9EF3}.Release|x64.Build.0 = Release|Any CPU
		{869BF837-D460-4E10-BB06-EE69F9AA9EF3}.Release|x86.ActiveCfg = Release|Any CPU
		{869BF837-D460-4E10-BB06-EE69F9AA9EF3}.Release|x86.Build.0 = Release|Any CPU
		{310915D2-C44D-43CF-BED5-C4F626AA9CBE}.Debug|Any CPU.ActiveCfg = Debug|Any CPU
		{310915D2-C44D-43CF-BED5-C4F626AA9CBE}.Debug|Any CPU.Build.0 = Debug|Any CPU
		{310915D2-C44D-43CF-BED5-C4F626AA9CBE}.Debug|ARM.ActiveCfg = Debug|Any CPU
		{310915D2-C44D-43CF-BED5-C4F626AA9CBE}.Debug|ARM.Build.0 = Debug|Any CPU
		{310915D2-C44D-43CF-BED5-C4F626AA9CBE}.Debug|x64.ActiveCfg = Debug|Any CPU
		{310915D2-C44D-43CF-BED5-C4F626AA9CBE}.Debug|x64.Build.0 = Debug|Any CPU
		{310915D2-C44D-43CF-BED5-C4F626AA9CBE}.Debug|x86.ActiveCfg = Debug|Any CPU
		{310915D2-C44D-43CF-BED5-C4F626AA9CBE}.Debug|x86.Build.0 = Debug|Any CPU
		{310915D2-C44D-43CF-BED5-C4F626AA9CBE}.Release|Any CPU.ActiveCfg = Release|Any CPU
		{310915D2-C44D-43CF-BED5-C4F626AA9CBE}.Release|Any CPU.Build.0 = Release|Any CPU
		{310915D2-C44D-43CF-BED5-C4F626AA9CBE}.Release|ARM.ActiveCfg = Release|Any CPU
		{310915D2-C44D-43CF-BED5-C4F626AA9CBE}.Release|ARM.Build.0 = Release|Any CPU
		{310915D2-C44D-43CF-BED5-C4F626AA9CBE}.Release|x64.ActiveCfg = Release|Any CPU
		{310915D2-C44D-43CF-BED5-C4F626AA9CBE}.Release|x64.Build.0 = Release|Any CPU
		{310915D2-C44D-43CF-BED5-C4F626AA9CBE}.Release|x86.ActiveCfg = Release|Any CPU
		{310915D2-C44D-43CF-BED5-C4F626AA9CBE}.Release|x86.Build.0 = Release|Any CPU
		{5AE6DDE8-CC63-4353-B6FD-26CAA6C5AF5F}.Debug|Any CPU.ActiveCfg = Debug|Any CPU
		{5AE6DDE8-CC63-4353-B6FD-26CAA6C5AF5F}.Debug|Any CPU.Build.0 = Debug|Any CPU
		{5AE6DDE8-CC63-4353-B6FD-26CAA6C5AF5F}.Debug|ARM.ActiveCfg = Debug|Any CPU
		{5AE6DDE8-CC63-4353-B6FD-26CAA6C5AF5F}.Debug|ARM.Build.0 = Debug|Any CPU
		{5AE6DDE8-CC63-4353-B6FD-26CAA6C5AF5F}.Debug|x64.ActiveCfg = Debug|Any CPU
		{5AE6DDE8-CC63-4353-B6FD-26CAA6C5AF5F}.Debug|x64.Build.0 = Debug|Any CPU
		{5AE6DDE8-CC63-4353-B6FD-26CAA6C5AF5F}.Debug|x86.ActiveCfg = Debug|Any CPU
		{5AE6DDE8-CC63-4353-B6FD-26CAA6C5AF5F}.Debug|x86.Build.0 = Debug|Any CPU
		{5AE6DDE8-CC63-4353-B6FD-26CAA6C5AF5F}.Release|Any CPU.ActiveCfg = Release|Any CPU
		{5AE6DDE8-CC63-4353-B6FD-26CAA6C5AF5F}.Release|Any CPU.Build.0 = Release|Any CPU
		{5AE6DDE8-CC63-4353-B6FD-26CAA6C5AF5F}.Release|ARM.ActiveCfg = Release|Any CPU
		{5AE6DDE8-CC63-4353-B6FD-26CAA6C5AF5F}.Release|ARM.Build.0 = Release|Any CPU
		{5AE6DDE8-CC63-4353-B6FD-26CAA6C5AF5F}.Release|x64.ActiveCfg = Release|Any CPU
		{5AE6DDE8-CC63-4353-B6FD-26CAA6C5AF5F}.Release|x64.Build.0 = Release|Any CPU
		{5AE6DDE8-CC63-4353-B6FD-26CAA6C5AF5F}.Release|x86.ActiveCfg = Release|Any CPU
		{5AE6DDE8-CC63-4353-B6FD-26CAA6C5AF5F}.Release|x86.Build.0 = Release|Any CPU
		{E9FFED62-8990-4E0E-8A22-0E40FC06CE42}.Debug|Any CPU.ActiveCfg = Debug|Any CPU
		{E9FFED62-8990-4E0E-8A22-0E40FC06CE42}.Debug|Any CPU.Build.0 = Debug|Any CPU
		{E9FFED62-8990-4E0E-8A22-0E40FC06CE42}.Debug|ARM.ActiveCfg = Debug|Any CPU
		{E9FFED62-8990-4E0E-8A22-0E40FC06CE42}.Debug|ARM.Build.0 = Debug|Any CPU
		{E9FFED62-8990-4E0E-8A22-0E40FC06CE42}.Debug|x64.ActiveCfg = Debug|Any CPU
		{E9FFED62-8990-4E0E-8A22-0E40FC06CE42}.Debug|x64.Build.0 = Debug|Any CPU
		{E9FFED62-8990-4E0E-8A22-0E40FC06CE42}.Debug|x86.ActiveCfg = Debug|Any CPU
		{E9FFED62-8990-4E0E-8A22-0E40FC06CE42}.Debug|x86.Build.0 = Debug|Any CPU
		{E9FFED62-8990-4E0E-8A22-0E40FC06CE42}.Release|Any CPU.ActiveCfg = Release|Any CPU
		{E9FFED62-8990-4E0E-8A22-0E40FC06CE42}.Release|Any CPU.Build.0 = Release|Any CPU
		{E9FFED62-8990-4E0E-8A22-0E40FC06CE42}.Release|ARM.ActiveCfg = Release|Any CPU
		{E9FFED62-8990-4E0E-8A22-0E40FC06CE42}.Release|ARM.Build.0 = Release|Any CPU
		{E9FFED62-8990-4E0E-8A22-0E40FC06CE42}.Release|x64.ActiveCfg = Release|Any CPU
		{E9FFED62-8990-4E0E-8A22-0E40FC06CE42}.Release|x64.Build.0 = Release|Any CPU
		{E9FFED62-8990-4E0E-8A22-0E40FC06CE42}.Release|x86.ActiveCfg = Release|Any CPU
		{E9FFED62-8990-4E0E-8A22-0E40FC06CE42}.Release|x86.Build.0 = Release|Any CPU
	EndGlobalSection
	GlobalSection(SolutionProperties) = preSolution
		HideSolutionNode = FALSE
	EndGlobalSection
	GlobalSection(NestedProjects) = preSolution
		{869BF837-D460-4E10-BB06-EE69F9AA9EF3} = {758E1725-2DF0-4C73-A39B-F3EE2D77E95F}
		{310915D2-C44D-43CF-BED5-C4F626AA9CBE} = {758E1725-2DF0-4C73-A39B-F3EE2D77E95F}
		{E9FFED62-8990-4E0E-8A22-0E40FC06CE42} = {758E1725-2DF0-4C73-A39B-F3EE2D77E95F}
	EndGlobalSection
	GlobalSection(ExtensibilityGlobals) = postSolution
		VisualSVNWorkingCopyRoot = .
		SolutionGuid = {631FAB1A-4EBB-4E8E-AF78-E6162C32A50F}
	EndGlobalSection
EndGlobal
